%{"certifi": {:hex, :certifi, "0.3.0", "389d4b126a47895fe96d65fcf8681f4d09eca1153dc2243ed6babad0aac1e763", [:rebar3], []},
  "combine": {:hex, :combine, "0.7.0", "2ac6ae852a9835fe8189af18121cddd5bed2677f5df706dc0d208af668ab845d", [:mix], []},
  "hackney": {:hex, :hackney, "1.4.8", "c8c6977ed55cc5095e3929f6d94a6f732dd2e31ae42a7b9236d5574ec3f5be13", [:rebar3], [{:ssl_verify_hostname, "1.0.5", [hex: :ssl_verify_hostname, optional: false]}, {:mimerl, "1.0.2", [hex: :mimerl, optional: false]}, {:idna, "1.0.3", [hex: :idna, optional: false]}, {:certifi, "0.3.0", [hex: :certifi, optional: false]}]},
  "httpoison": {:hex, :httpoison, "0.8.1", "5b706be2b0af81d1a3870479a2e1b925517c2a64316f70c6cc8aceac9e55f695", [:mix], [{:hackney, "~> 1.4.4", [hex: :hackney, optional: false]}]},
  "idna": {:hex, :idna, "1.0.3", "d456a8761cad91c97e9788c27002eb3b773adaf5c893275fc35ba4e3434bbd9b", [:rebar3], []},
  "mimerl": {:hex, :mimerl, "1.0.2", "993f9b0e084083405ed8252b99460c4f0563e41729ab42d9074fd5e52439be88", [:rebar3], []},
  "ssl_verify_hostname": {:hex, :ssl_verify_hostname, "1.0.5", "2e73e068cd6393526f9fa6d399353d7c9477d6886ba005f323b592d389fb47be", [:make], []},
  "sweet_xml": {:hex, :sweet_xml, "0.6.1", "a56f235171f35a32807ce44798dedc748ce249fca574674fecd29c1321cab0de", [:mix], []},
  "timex": {:hex, :timex, "1.0.1", "889ba9b9ea615e2d1e0acb7a5b0dcd8cc4e04058569dc5d4c200d86c374e90ea", [:mix], [{:tzdata, "~> 0.1.8 or ~> 0.5", [hex: :tzdata, optional: false]}, {:combine, "~> 0.7", [hex: :combine, optional: false]}]},
  "tzdata": {:hex, :tzdata, "0.5.6", "d44c59175b8e9a170b3b17d6933820de98a3f0932f3a0615d884b8c20e93a87a", [:mix], [{:hackney, "~> 1.0", [hex: :hackney, optional: false]}]}}
